{
  "version": "2",
  "remote": {},
  "npm": {
    "specifiers": {
      "@types/csso@5.0.0": "@types/csso@5.0.0",
      "commonmark@0.30.0": "commonmark@0.30.0",
      "csso@5.0.5": "csso@5.0.5",
      "handlebars@4.7.7": "handlebars@4.7.7",
      "highlight.js@11.7.0": "highlight.js@11.7.0"
    },
    "packages": {
      "@types/css-tree@2.3.1": {
        "integrity": "sha512-3m636Jz4d9d+lHVMp6FNLsUWQrfOx1xpm1SBxPbQYSNNgXMe+XswcsDeo1ldyULiuzYyWKk1kmvkLTgNq+215Q==",
        "dependencies": {}
      },
      "@types/csso@5.0.0": {
        "integrity": "sha512-EMrCTGpXRUsbFfZBzn2jcW6Sqg8kxWXkJcpvAGYSEzFqAJ2THDJSwiMeS2fPUw+0p6RQNT/n8F/skEc9hUBc0g==",
        "dependencies": {
          "@types/css-tree": "@types/css-tree@2.3.1"
        }
      },
      "commonmark@0.30.0": {
        "integrity": "sha512-j1yoUo4gxPND1JWV9xj5ELih0yMv1iCWDG6eEQIPLSWLxzCXiFoyS7kvB+WwU+tZMf4snwJMMtaubV0laFpiBA==",
        "dependencies": {
          "entities": "entities@2.0.3",
          "mdurl": "mdurl@1.0.1",
          "minimist": "minimist@1.2.8",
          "string.prototype.repeat": "string.prototype.repeat@0.2.0"
        }
      },
      "css-tree@2.2.1": {
        "integrity": "sha512-OA0mILzGc1kCOCSJerOeqDxDQ4HOh+G8NbOJFOTgOCzpw7fCBubk0fEyxp8AgOL/jvLgYA/uV0cMbe43ElF1JA==",
        "dependencies": {
          "mdn-data": "mdn-data@2.0.28",
          "source-map-js": "source-map-js@1.0.2"
        }
      },
      "csso@5.0.5": {
        "integrity": "sha512-0LrrStPOdJj+SPCCrGhzryycLjwcgUSHBtxNA8aIDxf0GLsRh1cKYhB00Gd1lDOS4yGH69+SNn13+TWbVHETFQ==",
        "dependencies": {
          "css-tree": "css-tree@2.2.1"
        }
      },
      "entities@2.0.3": {
        "integrity": "sha512-MyoZ0jgnLvB2X3Lg5HqpFmn1kybDiIfEQmKzTb5apr51Rb+T3KdmMiqa70T+bhGnyv7bQ6WMj2QMHpGMmlrUYQ==",
        "dependencies": {}
      },
      "handlebars@4.7.7": {
        "integrity": "sha512-aAcXm5OAfE/8IXkcZvCepKU3VzW1/39Fb5ZuqMtgI/hT8X2YgoMvBY5dLhq/cpOvw7Lk1nK/UF71aLG/ZnVYRA==",
        "dependencies": {
          "minimist": "minimist@1.2.8",
          "neo-async": "neo-async@2.6.2",
          "source-map": "source-map@0.6.1",
          "uglify-js": "uglify-js@3.17.4",
          "wordwrap": "wordwrap@1.0.0"
        }
      },
      "highlight.js@11.7.0": {
        "integrity": "sha512-1rRqesRFhMO/PRF+G86evnyJkCgaZFOI+Z6kdj15TA18funfoqJXvgPCLSf0SWq3SRfg1j3HlDs8o4s3EGq1oQ==",
        "dependencies": {}
      },
      "mdn-data@2.0.28": {
        "integrity": "sha512-aylIc7Z9y4yzHYAJNuESG3hfhC+0Ibp/MAMiaOZgNv4pmEdFyfZhhhny4MNiAfWdBQ1RQ2mfDWmM1x8SvGyp8g==",
        "dependencies": {}
      },
      "mdurl@1.0.1": {
        "integrity": "sha512-/sKlQJCBYVY9Ers9hqzKou4H6V5UWc/M59TH2dvkt+84itfnq7uFOMLpOiOS4ujvHP4etln18fmIxA5R5fll0g==",
        "dependencies": {}
      },
      "minimist@1.2.8": {
        "integrity": "sha512-2yyAR8qBkN3YuheJanUpWC5U3bb5osDywNB8RzDVlDwDHbocAJveqqj1u8+SVD7jkWT4yvsHCpWqqWqAxb0zCA==",
        "dependencies": {}
      },
      "neo-async@2.6.2": {
        "integrity": "sha512-Yd3UES5mWCSqR+qNT93S3UoYUkqAZ9lLg8a7g9rimsWmYGK8cVToA4/sF3RrshdyV3sAGMXVUmpMYOw+dLpOuw==",
        "dependencies": {}
      },
      "source-map-js@1.0.2": {
        "integrity": "sha512-R0XvVJ9WusLiqTCEiGCmICCMplcCkIwwR11mOSD9CR5u+IXYdiseeEuXCVAjS54zqwkLcPNnmU4OeJ6tUrWhDw==",
        "dependencies": {}
      },
      "source-map@0.6.1": {
        "integrity": "sha512-UjgapumWlbMhkBgzT7Ykc5YXUT46F0iKu8SGXq0bcwP5dz/h0Plj6enJqjz1Zbq2l5WaqYnrVbwWOWMyF3F47g==",
        "dependencies": {}
      },
      "string.prototype.repeat@0.2.0": {
        "integrity": "sha512-1BH+X+1hSthZFW+X+JaUkjkkUPwIlLEMJBLANN3hOob3RhEk5snLWNECDnYbgn/m5c5JV7Ersu1Yubaf+05cIA==",
        "dependencies": {}
      },
      "uglify-js@3.17.4": {
        "integrity": "sha512-T9q82TJI9e/C1TAxYvfb16xO120tMVFZrGA3f9/P4424DNu6ypK103y0GPFVa17yotwSyZW5iYXgjYHkGrJW/g==",
        "dependencies": {}
      },
      "wordwrap@1.0.0": {
        "integrity": "sha512-gvVzJFlPycKc5dZN4yPkP8w7Dc37BtP1yczEneOb4uq34pXZcvrtRTmWV8W+Ume+XCxKgbjM+nevkyFPMybd4Q==",
        "dependencies": {}
      }
    }
  }
}
